
Microsoft Visual Studio Solution File, Format Version 10.00
# Visual C# Express 2008
Project("{FAE04EC0-301F-11D3-BF4B-00C04F79EFBC}") = "MicroSysFingerReader", "MicroSysFingerReader.csproj", "{611BC0E8-4683-4695-A602-7B198E35FCFD}"
EndProject
Global
	GlobalSection(SolutionConfigurationPlatforms) = preSolution
		Debug|Any CPU = Debug|Any CPU
		Release|Any CPU = Release|Any CPU
	EndGlobalSection
	GlobalSection(ProjectConfigurationPlatforms) = postSolution
		{611BC0E8-4683-4695-A602-7B198E35FCFD}.Debug|Any CPU.ActiveCfg = Debug|Any CPU
		{611BC0E8-4683-4695-A602-7B198E35FCFD}.Debug|Any CPU.Build.0 = Debug|Any CPU
		{611BC0E8-4683-4695-A602-7B198E35FCFD}.Release|Any CPU.ActiveCfg = Release|Any CPU
		{611BC0E8-4683-4695-A602-7B198E35FCFD}.Release|Any CPU.Build.0 = Release|Any CPU
	EndGlobalSection
	GlobalSection(SolutionProperties) = preSolution
		HideSolutionNode = FALSE
	EndGlobalSection
EndGlobal
